{
  "version": 4,
  "terraform_version": "1.6.0",
  "serial": 161,
  "lineage": "d573cb82-84cf-cf27-2102-ff96f35d4e28",
  "outputs": {
    "IP": {
      "value": "54.67.42.186",
      "type": "string",
      "sensitive": true
    },
    "description": {
      "value": "ec2-54-67-42-186.us-west-1.compute.amazonaws.com",
      "type": "string"
    }
  },
  "resources": [
    {
      "mode": "data",
      "type": "aws_security_groups",
      "name": "default",
      "provider": "provider[\"registry.terraform.io/hashicorp/aws\"]",
      "instances": [
        {
          "schema_version": 0,
          "attributes": {
            "arns": [
              "arn:aws:ec2:us-west-1:422429828931:security-group/sg-0e14457b1ca9cfda3"
            ],
            "filter": [
              {
                "name": "group-name",
                "values": [
                  "default"
                ]
              }
            ],
            "id": "us-west-1",
            "ids": [
              "sg-0e14457b1ca9cfda3"
            ],
            "tags": null,
            "timeouts": null,
            "vpc_ids": [
              "vpc-093b7468a3c78b563"
            ]
          },
          "sensitive_attributes": []
        }
      ]
    },
    {
      "mode": "managed",
      "type": "aws_instance",
      "name": "web",
      "provider": "provider[\"registry.terraform.io/hashicorp/aws\"]",
      "instances": [
        {
          "schema_version": 1,
          "attributes": {
            "ami": "ami-06e4ca05d431835e9",
            "arn": "arn:aws:ec2:us-west-1:422429828931:instance/i-0eceb99d4014cbeea",
            "associate_public_ip_address": true,
            "availability_zone": "us-west-1a",
            "capacity_reservation_specification": [
              {
                "capacity_reservation_preference": "open",
                "capacity_reservation_target": []
              }
            ],
            "cpu_core_count": 1,
            "cpu_options": [
              {
                "amd_sev_snp": "",
                "core_count": 1,
                "threads_per_core": 2
              }
            ],
            "cpu_threads_per_core": 2,
            "credit_specification": [
              {
                "cpu_credits": "unlimited"
              }
            ],
            "disable_api_stop": false,
            "disable_api_termination": false,
            "ebs_block_device": [],
            "ebs_optimized": false,
            "enclave_options": [
              {
                "enabled": false
              }
            ],
            "ephemeral_block_device": [],
            "get_password_data": false,
            "hibernation": false,
            "host_id": "",
            "host_resource_group_arn": null,
            "iam_instance_profile": "",
            "id": "i-0eceb99d4014cbeea",
            "instance_initiated_shutdown_behavior": "stop",
            "instance_lifecycle": "",
            "instance_market_options": [],
            "instance_state": "running",
            "instance_type": "t3.micro",
            "ipv6_address_count": 0,
            "ipv6_addresses": [],
            "key_name": "aws_rsa_key",
            "launch_template": [],
            "maintenance_options": [
              {
                "auto_recovery": "default"
              }
            ],
            "metadata_options": [
              {
                "http_endpoint": "enabled",
                "http_protocol_ipv6": "disabled",
                "http_put_response_hop_limit": 2,
                "http_tokens": "required",
                "instance_metadata_tags": "disabled"
              }
            ],
            "monitoring": false,
            "network_interface": [],
            "outpost_arn": "",
            "password_data": "",
            "placement_group": "",
            "placement_partition_number": 0,
            "primary_network_interface_id": "eni-0e3efd12ebcf33c70",
            "private_dns": "ip-172-31-17-203.us-west-1.compute.internal",
            "private_dns_name_options": [
              {
                "enable_resource_name_dns_a_record": false,
                "enable_resource_name_dns_aaaa_record": false,
                "hostname_type": "ip-name"
              }
            ],
            "private_ip": "172.31.17.203",
            "public_dns": "ec2-54-67-42-186.us-west-1.compute.amazonaws.com",
            "public_ip": "54.67.42.186",
            "root_block_device": [
              {
                "delete_on_termination": true,
                "device_name": "/dev/xvda",
                "encrypted": false,
                "iops": 3000,
                "kms_key_id": "",
                "tags": {},
                "throughput": 125,
                "volume_id": "vol-04d83eb629edff75c",
                "volume_size": 8,
                "volume_type": "gp3"
              }
            ],
            "secondary_private_ips": [],
            "security_groups": [
              "default"
            ],
            "source_dest_check": true,
            "spot_instance_request_id": "",
            "subnet_id": "subnet-09765dceb792d8d21",
            "tags": {
              "Name": "infra"
            },
            "tags_all": {
              "Name": "infra"
            },
            "tenancy": "default",
            "timeouts": null,
            "user_data": "5180466bf878f103025b877baf326f66873819b5",
            "user_data_base64": null,
            "user_data_replace_on_change": false,
            "volume_tags": null,
            "vpc_security_group_ids": [
              "sg-0e14457b1ca9cfda3"
            ]
          },
          "sensitive_attributes": [],
          "private": "eyJlMmJmYjczMC1lY2FhLTExZTYtOGY4OC0zNDM2M2JjN2M0YzAiOnsiY3JlYXRlIjo2MDAwMDAwMDAwMDAsImRlbGV0ZSI6MTIwMDAwMDAwMDAwMCwidXBkYXRlIjo2MDAwMDAwMDAwMDB9LCJzY2hlbWFfdmVyc2lvbiI6IjEifQ==",
          "dependencies": [
            "aws_key_pair.ssh"
          ]
        }
      ]
    },
    {
      "mode": "managed",
      "type": "aws_key_pair",
      "name": "ssh",
      "provider": "provider[\"registry.terraform.io/hashicorp/aws\"]",
      "instances": [
        {
          "schema_version": 1,
          "attributes": {
            "arn": "arn:aws:ec2:us-west-1:422429828931:key-pair/aws_rsa_key",
            "fingerprint": "d3:6f:58:76:43:45:1c:af:bd:5b:4c:39:77:d2:c7:d1",
            "id": "aws_rsa_key",
            "key_name": "aws_rsa_key",
            "key_name_prefix": "",
            "key_pair_id": "key-0074b3659b43ede9a",
            "key_type": "rsa",
            "public_key": "ssh-rsa AAAAB3NzaC1yc2EAAAADAQABAAACAQCnqLrjR5GeGNaFsxjQ60+Aly4IYlh0EK6pxSLLENN6ua2JtzIKU+WFmihQjGKM3gch86r3Jd/bO4of0KyCXZv78NPWZHlQ8W7Ze5OyqcC6w4PHYs+YzH0I+j1Da6dMuuvYduT+xMwVhrsoueZzQKLsJOCtJPkVuyUnhnYnmnjCZfvEVzsbPzrJqXkxE4I8fSmr5gXaWw9r0dOuc/o00ddne2oWp+9Bf4DFlo8zKAD2RAwlstL3jzvpoc1UfCx6iMujuTw0jhPJS5sSov/2BEUvgVgMZE7G5glfyIURQKFLkqB7kPU4vwhtERbR997md1tk/CG2oLFfZ0qaiGC2DvIIV+9XcgdyQVKOvp4W9kPZnXRrRGhXYnauKP2B3LJeI95sdqoHAj2CIoDBZi9vAMkMkZ6R7EknZpro9ZzksyrhelpTs98mBegjtaotvoTv33e7y5drXgxi+s+UqnSIpe63s589UZM5dAU92QH3vnAWx4Qf/fw5wv2X8qR/MUIzczbuAxDILDU+99oGutFQ7Arjnt7pZ4RSs30eY+mB9tYS7VmV8NKXi7Oth6Z+7Gik+2TVkAFSTwNpuFUvHLNy2rYc8EKtBxOGiJWpncyCrt886DGqRqsszpseqyRsnjnGRk5VI8WrjZxumoz4FQNqWQvSa+Ny07IPlonLs8VTUlAjIQ== 1010137071@qq.com",
            "tags": null,
            "tags_all": {}
          },
          "sensitive_attributes": [],
          "private": "eyJzY2hlbWFfdmVyc2lvbiI6IjEifQ=="
        }
      ]
    },
    {
      "mode": "managed",
      "type": "aws_security_group_rule",
      "name": "chatgpt",
      "provider": "provider[\"registry.terraform.io/hashicorp/aws\"]",
      "instances": [
        {
          "schema_version": 2,
          "attributes": {
            "cidr_blocks": [
              "0.0.0.0/0"
            ],
            "description": null,
            "from_port": 8899,
            "id": "sgrule-2259781358",
            "ipv6_cidr_blocks": null,
            "prefix_list_ids": null,
            "protocol": "tcp",
            "security_group_id": "sg-0e14457b1ca9cfda3",
            "security_group_rule_id": "sgr-0c4e1b88e95cde534",
            "self": false,
            "source_security_group_id": null,
            "timeouts": null,
            "to_port": 8899,
            "type": "ingress"
          },
          "sensitive_attributes": [],
          "private": "eyJlMmJmYjczMC1lY2FhLTExZTYtOGY4OC0zNDM2M2JjN2M0YzAiOnsiY3JlYXRlIjozMDAwMDAwMDAwMDB9LCJzY2hlbWFfdmVyc2lvbiI6IjIifQ==",
          "dependencies": [
            "data.aws_security_groups.default"
          ]
        }
      ]
    },
    {
      "mode": "managed",
      "type": "aws_security_group_rule",
      "name": "ssh",
      "provider": "provider[\"registry.terraform.io/hashicorp/aws\"]",
      "instances": [
        {
          "schema_version": 2,
          "attributes": {
            "cidr_blocks": [
              "0.0.0.0/0"
            ],
            "description": null,
            "from_port": 22,
            "id": "sgrule-1133032593",
            "ipv6_cidr_blocks": null,
            "prefix_list_ids": null,
            "protocol": "tcp",
            "security_group_id": "sg-0e14457b1ca9cfda3",
            "security_group_rule_id": "sgr-0b81562bb555e4a77",
            "self": false,
            "source_security_group_id": null,
            "timeouts": null,
            "to_port": 22,
            "type": "ingress"
          },
          "sensitive_attributes": [],
          "private": "eyJlMmJmYjczMC1lY2FhLTExZTYtOGY4OC0zNDM2M2JjN2M0YzAiOnsiY3JlYXRlIjozMDAwMDAwMDAwMDB9LCJzY2hlbWFfdmVyc2lvbiI6IjIifQ==",
          "dependencies": [
            "data.aws_security_groups.default"
          ]
        }
      ]
    },
    {
      "mode": "managed",
      "type": "aws_security_group_rule",
      "name": "v2ray",
      "provider": "provider[\"registry.terraform.io/hashicorp/aws\"]",
      "instances": [
        {
          "schema_version": 2,
          "attributes": {
            "cidr_blocks": [
              "0.0.0.0/0"
            ],
            "description": null,
            "from_port": 9001,
            "id": "sgrule-3400987805",
            "ipv6_cidr_blocks": null,
            "prefix_list_ids": null,
            "protocol": "tcp",
            "security_group_id": "sg-0e14457b1ca9cfda3",
            "security_group_rule_id": "sgr-0fed63e7866a003d9",
            "self": false,
            "source_security_group_id": null,
            "timeouts": null,
            "to_port": 9001,
            "type": "ingress"
          },
          "sensitive_attributes": [],
          "private": "eyJlMmJmYjczMC1lY2FhLTExZTYtOGY4OC0zNDM2M2JjN2M0YzAiOnsiY3JlYXRlIjozMDAwMDAwMDAwMDB9LCJzY2hlbWFfdmVyc2lvbiI6IjIifQ==",
          "dependencies": [
            "data.aws_security_groups.default"
          ]
        }
      ]
    }
  ],
  "check_results": null
}
